
Microsoft Visual Studio Solution File, Format Version 12.00
# Visual Studio Version 16
VisualStudioVersion = 16.0.29920.165
MinimumVisualStudioVersion = 10.0.40219.1
Project("{9A19103F-16F7-4668-BE54-9A1E7A4F7556}") = "ForgedOnce.TsLanguageServices.AstDescription", "ForgedOnce.TsLanguageServices.AstDescription\ForgedOnce.TsLanguageServices.AstDescription.csproj", "{51944704-C0C4-4CD8-89CD-72D8B7DE588F}"
EndProject
Project("{9092AA53-FB77-4645-B42D-1CCCA6BD08BD}") = "ForgedOnce.TsLanguageServices.TsInputProcessing", "ForgedOnce.TsLanguageServices.TsInputProcessing\ForgedOnce.TsLanguageServices.TsInputProcessing.njsproj", "{7881637A-67E5-4BF6-A124-4DACA55FCE67}"
EndProject
Global
	GlobalSection(SolutionConfigurationPlatforms) = preSolution
		Debug|Any CPU = Debug|Any CPU
		Release|Any CPU = Release|Any CPU
	EndGlobalSection
	GlobalSection(ProjectConfigurationPlatforms) = postSolution
		{51944704-C0C4-4CD8-89CD-72D8B7DE588F}.Debug|Any CPU.ActiveCfg = Debug|Any CPU
		{51944704-C0C4-4CD8-89CD-72D8B7DE588F}.Debug|Any CPU.Build.0 = Debug|Any CPU
		{51944704-C0C4-4CD8-89CD-72D8B7DE588F}.Release|Any CPU.ActiveCfg = Release|Any CPU
		{51944704-C0C4-4CD8-89CD-72D8B7DE588F}.Release|Any CPU.Build.0 = Release|Any CPU
		{7881637A-67E5-4BF6-A124-4DACA55FCE67}.Debug|Any CPU.ActiveCfg = Debug|Any CPU
		{7881637A-67E5-4BF6-A124-4DACA55FCE67}.Debug|Any CPU.Build.0 = Debug|Any CPU
		{7881637A-67E5-4BF6-A124-4DACA55FCE67}.Release|Any CPU.ActiveCfg = Release|Any CPU
		{7881637A-67E5-4BF6-A124-4DACA55FCE67}.Release|Any CPU.Build.0 = Release|Any CPU
	EndGlobalSection
	GlobalSection(SolutionProperties) = preSolution
		HideSolutionNode = FALSE
	EndGlobalSection
	GlobalSection(ExtensibilityGlobals) = postSolution
		SolutionGuid = {D55D929F-776C-4D03-BE4A-B04A922B50F6}
	EndGlobalSection
EndGlobal
