
Microsoft Visual Studio Solution File, Format Version 12.00
# Visual Studio Version 16
VisualStudioVersion = 16.0.28803.352
MinimumVisualStudioVersion = 10.0.40219.1
Project("{9A19103F-16F7-4668-BE54-9A1E7A4F7556}") = "Game08.Sdk.CSToTS.Translator", "Game08.Sdk.CSToTS.Translator\Game08.Sdk.CSToTS.Translator.csproj", "{8F4E50B8-0278-465D-A241-C0304250293F}"
	ProjectSection(ProjectDependencies) = postProject
		{11926C92-3A3E-43DE-8B4D-1EA9BC09C528} = {11926C92-3A3E-43DE-8B4D-1EA9BC09C528}
	EndProjectSection
EndProject
Project("{9A19103F-16F7-4668-BE54-9A1E7A4F7556}") = "Game08.Sdk.CSToTS.Translator.UnitTests", "Game08.Sdk.CSToTS.Translator.UnitTests\Game08.Sdk.CSToTS.Translator.UnitTests.csproj", "{5B83C25D-FC84-41A0-90C0-44E8E4BB88EF}"
EndProject
Project("{9092AA53-FB77-4645-B42D-1CCCA6BD08BD}") = "Game08.Sdk.CSToTS.TypeScriptBuilder", "Game08.Sdk.CSToTS.TypeScriptBuilder\Game08.Sdk.CSToTS.TypeScriptBuilder.njsproj", "{11926C92-3A3E-43DE-8B4D-1EA9BC09C528}"
	ProjectSection(ProjectDependencies) = postProject
		{98DE64A1-03D2-400B-A927-D639B997333E} = {98DE64A1-03D2-400B-A927-D639B997333E}
	EndProjectSection
EndProject
Project("{9A19103F-16F7-4668-BE54-9A1E7A4F7556}") = "Game08.Sdk.CSToTS.IntermediateModel", "Game08.Sdk.CSToTS.IntermediateModel\Game08.Sdk.CSToTS.IntermediateModel.csproj", "{98DE64A1-03D2-400B-A927-D639B997333E}"
EndProject
Project("{9A19103F-16F7-4668-BE54-9A1E7A4F7556}") = "Game08.Sdk.CSToTS.Core", "Game08.Sdk.CSToTS.Core\Game08.Sdk.CSToTS.Core.csproj", "{FBEFC18C-E337-412C-BC34-0D0F7C204AAF}"
EndProject
Project("{9A19103F-16F7-4668-BE54-9A1E7A4F7556}") = "Game08.Sdk.CSToTS.TranslationLauncher", "Game08.Sdk.CSToTS.TranslationLauncher\Game08.Sdk.CSToTS.TranslationLauncher.csproj", "{3E087804-6668-489A-AD0B-0C8FCF72BAFF}"
EndProject
Project("{9A19103F-16F7-4668-BE54-9A1E7A4F7556}") = "Game08.Sdk.CSToTS.NodeTaskWrapper", "Game08.Sdk.CSToTS.NodeTaskWrapper\Game08.Sdk.CSToTS.NodeTaskWrapper.csproj", "{0C98FC96-B7BD-413E-B83E-03414C7F5355}"
	ProjectSection(ProjectDependencies) = postProject
		{11926C92-3A3E-43DE-8B4D-1EA9BC09C528} = {11926C92-3A3E-43DE-8B4D-1EA9BC09C528}
	EndProjectSection
EndProject
Project("{9A19103F-16F7-4668-BE54-9A1E7A4F7556}") = "Game08.Sdk.CSToTS.Annotations", "Game08.Sdk.CSToTS.Annotations\Game08.Sdk.CSToTS.Annotations.csproj", "{71CF1254-1D57-4771-9D1A-065EDADED3E3}"
EndProject
Project("{FAE04EC0-301F-11D3-BF4B-00C04F79EFBC}") = "Game08.Sdk.CSToTS.TranslationLauncherNet", "Game08.Sdk.CSToTS.TranslationLauncherDotNetFramework\Game08.Sdk.CSToTS.TranslationLauncherNet.csproj", "{73DC213D-4DE4-4EE0-B5D2-21357C4CC598}"
EndProject
Global
	GlobalSection(SolutionConfigurationPlatforms) = preSolution
		Debug|Any CPU = Debug|Any CPU
		Release|Any CPU = Release|Any CPU
	EndGlobalSection
	GlobalSection(ProjectConfigurationPlatforms) = postSolution
		{8F4E50B8-0278-465D-A241-C0304250293F}.Debug|Any CPU.ActiveCfg = Debug|Any CPU
		{8F4E50B8-0278-465D-A241-C0304250293F}.Debug|Any CPU.Build.0 = Debug|Any CPU
		{8F4E50B8-0278-465D-A241-C0304250293F}.Release|Any CPU.ActiveCfg = Release|Any CPU
		{8F4E50B8-0278-465D-A241-C0304250293F}.Release|Any CPU.Build.0 = Release|Any CPU
		{5B83C25D-FC84-41A0-90C0-44E8E4BB88EF}.Debug|Any CPU.ActiveCfg = Debug|Any CPU
		{5B83C25D-FC84-41A0-90C0-44E8E4BB88EF}.Debug|Any CPU.Build.0 = Debug|Any CPU
		{5B83C25D-FC84-41A0-90C0-44E8E4BB88EF}.Release|Any CPU.ActiveCfg = Release|Any CPU
		{5B83C25D-FC84-41A0-90C0-44E8E4BB88EF}.Release|Any CPU.Build.0 = Release|Any CPU
		{11926C92-3A3E-43DE-8B4D-1EA9BC09C528}.Debug|Any CPU.ActiveCfg = Debug|Any CPU
		{11926C92-3A3E-43DE-8B4D-1EA9BC09C528}.Debug|Any CPU.Build.0 = Debug|Any CPU
		{11926C92-3A3E-43DE-8B4D-1EA9BC09C528}.Release|Any CPU.ActiveCfg = Release|Any CPU
		{11926C92-3A3E-43DE-8B4D-1EA9BC09C528}.Release|Any CPU.Build.0 = Release|Any CPU
		{98DE64A1-03D2-400B-A927-D639B997333E}.Debug|Any CPU.ActiveCfg = Debug|Any CPU
		{98DE64A1-03D2-400B-A927-D639B997333E}.Debug|Any CPU.Build.0 = Debug|Any CPU
		{98DE64A1-03D2-400B-A927-D639B997333E}.Release|Any CPU.ActiveCfg = Release|Any CPU
		{98DE64A1-03D2-400B-A927-D639B997333E}.Release|Any CPU.Build.0 = Release|Any CPU
		{FBEFC18C-E337-412C-BC34-0D0F7C204AAF}.Debug|Any CPU.ActiveCfg = Debug|Any CPU
		{FBEFC18C-E337-412C-BC34-0D0F7C204AAF}.Debug|Any CPU.Build.0 = Debug|Any CPU
		{FBEFC18C-E337-412C-BC34-0D0F7C204AAF}.Release|Any CPU.ActiveCfg = Release|Any CPU
		{FBEFC18C-E337-412C-BC34-0D0F7C204AAF}.Release|Any CPU.Build.0 = Release|Any CPU
		{3E087804-6668-489A-AD0B-0C8FCF72BAFF}.Debug|Any CPU.ActiveCfg = Debug|Any CPU
		{3E087804-6668-489A-AD0B-0C8FCF72BAFF}.Debug|Any CPU.Build.0 = Debug|Any CPU
		{3E087804-6668-489A-AD0B-0C8FCF72BAFF}.Release|Any CPU.ActiveCfg = Release|Any CPU
		{3E087804-6668-489A-AD0B-0C8FCF72BAFF}.Release|Any CPU.Build.0 = Release|Any CPU
		{0C98FC96-B7BD-413E-B83E-03414C7F5355}.Debug|Any CPU.ActiveCfg = Debug|Any CPU
		{0C98FC96-B7BD-413E-B83E-03414C7F5355}.Debug|Any CPU.Build.0 = Debug|Any CPU
		{0C98FC96-B7BD-413E-B83E-03414C7F5355}.Release|Any CPU.ActiveCfg = Release|Any CPU
		{0C98FC96-B7BD-413E-B83E-03414C7F5355}.Release|Any CPU.Build.0 = Release|Any CPU
		{71CF1254-1D57-4771-9D1A-065EDADED3E3}.Debug|Any CPU.ActiveCfg = Debug|Any CPU
		{71CF1254-1D57-4771-9D1A-065EDADED3E3}.Debug|Any CPU.Build.0 = Debug|Any CPU
		{71CF1254-1D57-4771-9D1A-065EDADED3E3}.Release|Any CPU.ActiveCfg = Release|Any CPU
		{71CF1254-1D57-4771-9D1A-065EDADED3E3}.Release|Any CPU.Build.0 = Release|Any CPU
		{73DC213D-4DE4-4EE0-B5D2-21357C4CC598}.Debug|Any CPU.ActiveCfg = Debug|Any CPU
		{73DC213D-4DE4-4EE0-B5D2-21357C4CC598}.Debug|Any CPU.Build.0 = Debug|Any CPU
		{73DC213D-4DE4-4EE0-B5D2-21357C4CC598}.Release|Any CPU.ActiveCfg = Release|Any CPU
		{73DC213D-4DE4-4EE0-B5D2-21357C4CC598}.Release|Any CPU.Build.0 = Release|Any CPU
	EndGlobalSection
	GlobalSection(SolutionProperties) = preSolution
		HideSolutionNode = FALSE
	EndGlobalSection
	GlobalSection(ExtensibilityGlobals) = postSolution
		SolutionGuid = {FC77887E-ED0C-470F-9373-2252BB3DF38D}
	EndGlobalSection
EndGlobal
